
Microsoft Visual Studio Solution File, Format Version 12.00
# Visual Studio 15
VisualStudioVersion = 15.0.28307.852
MinimumVisualStudioVersion = 10.0.40219.1
Project("{FAE04EC0-301F-11D3-BF4B-00C04F79EFBC}") = "Sem1.1", "Sem1.1\Sem1.1.csproj", "{C7BE3D0A-789F-4CA2-8209-B19F470582D0}"
EndProject
Global
	GlobalSection(SolutionConfigurationPlatforms) = preSolution
		Debug|Any CPU = Debug|Any CPU
		Release|Any CPU = Release|Any CPU
	EndGlobalSection
	GlobalSection(ProjectConfigurationPlatforms) = postSolution
		{C7BE3D0A-789F-4CA2-8209-B19F470582D0}.Debug|Any CPU.ActiveCfg = Debug|Any CPU
		{C7BE3D0A-789F-4CA2-8209-B19F470582D0}.Debug|Any CPU.Build.0 = Debug|Any CPU
		{C7BE3D0A-789F-4CA2-8209-B19F470582D0}.Release|Any CPU.ActiveCfg = Release|Any CPU
		{C7BE3D0A-789F-4CA2-8209-B19F470582D0}.Release|Any CPU.Build.0 = Release|Any CPU
	EndGlobalSection
	GlobalSection(SolutionProperties) = preSolution
		HideSolutionNode = FALSE
	EndGlobalSection
	GlobalSection(ExtensibilityGlobals) = postSolution
		SolutionGuid = {49617CB1-EF01-4B0F-9FAB-7122B2F9AC59}
	EndGlobalSection
EndGlobal
